
Microsoft Visual Studio Solution File, Format Version 12.00
# Visual Studio Version 17
VisualStudioVersion = 17.14.36203.30 d17.14
MinimumVisualStudioVersion = 10.0.40219.1
Project("{FAE04EC0-301F-11D3-BF4B-00C04F79EFBC}") = "HomeTask21.10.2025", "HomeTask21.10.2025\HomeTask21.10.2025.csproj", "{8D2FEFBD-127E-4703-9854-F090E9A44C20}"
EndProject
Global
	GlobalSection(SolutionConfigurationPlatforms) = preSolution
		Debug|Any CPU = Debug|Any CPU
		Release|Any CPU = Release|Any CPU
	EndGlobalSection
	GlobalSection(ProjectConfigurationPlatforms) = postSolution
		{8D2FEFBD-127E-4703-9854-F090E9A44C20}.Debug|Any CPU.ActiveCfg = Debug|Any CPU
		{8D2FEFBD-127E-4703-9854-F090E9A44C20}.Debug|Any CPU.Build.0 = Debug|Any CPU
		{8D2FEFBD-127E-4703-9854-F090E9A44C20}.Release|Any CPU.ActiveCfg = Release|Any CPU
		{8D2FEFBD-127E-4703-9854-F090E9A44C20}.Release|Any CPU.Build.0 = Release|Any CPU
	EndGlobalSection
	GlobalSection(SolutionProperties) = preSolution
		HideSolutionNode = FALSE
	EndGlobalSection
	GlobalSection(ExtensibilityGlobals) = postSolution
		SolutionGuid = {F44F6635-5ECC-45A6-AF9E-03A6F7B1C867}
	EndGlobalSection
EndGlobal
